{
  "name": "hashmap",
  "lockfileVersion": 3,
  "requires": true,
  "packages": {
    "": {
      "dependencies": {
        "@aleloiac/linked-list": "^1.0.0"
      }
    },
    "node_modules/@aleloiac/linked-list": {
      "version": "1.0.0",
      "resolved": "https://registry.npmjs.org/@aleloiac/linked-list/-/linked-list-1.0.0.tgz",
      "integrity": "sha512-Qui0koDMbfWLlCYBv093ujgK7nWQO52uidtgD/qCtycVU9Xdz0ysbrIFcPmEFjlqfJrWl5CdBflAxGb4ky9Wow==",
      "license": "ISC"
    }
  }
}
